// !$*UTF8*$!
{
	archiveVersion = 1;
	classes = {
	};
	objectVersion = 46;
	objects = {

/* Begin PBXBuildFile section */
		CB3906871C70CEC800F2C74A /* AppDelegate.swift in Sources */ = {isa = PBXBuildFile; fileRef = CB3906861C70CEC800F2C74A /* AppDelegate.swift */; };
		CB3906891C70CEC800F2C74A /* ViewController.swift in Sources */ = {isa = PBXBuildFile; fileRef = CB3906881C70CEC800F2C74A /* ViewController.swift */; };
		CB39068C1C70CEC800F2C74A /* Main.storyboard in Resources */ = {isa = PBXBuildFile; fileRef = CB39068A1C70CEC800F2C74A /* Main.storyboard */; };
		CB39068E1C70CEC800F2C74A /* Assets.xcassets in Resources */ = {isa = PBXBuildFile; fileRef = CB39068D1C70CEC800F2C74A /* Assets.xcassets */; };
		CB3906911C70CEC800F2C74A /* LaunchScreen.storyboard in Resources */ = {isa = PBXBuildFile; fileRef = CB39068F1C70CEC800F2C74A /* LaunchScreen.storyboard */; };
		CB39069C1C70CEC900F2C74A /* TestTests.swift in Sources */ = {isa = PBXBuildFile; fileRef = CB39069B1C70CEC900F2C74A /* TestTests.swift */; };
		CB3906A71C70CEC900F2C74A /* TestUITests.swift in Sources */ = {isa = PBXBuildFile; fileRef = CB3906A61C70CEC900F2C74A /* TestUITests.swift */; };
/* End PBXBuildFile section */

/* Begin PBXContainerItemProxy section */
		CB3906981C70CEC900F2C74A /* PBXContainerItemProxy */ = {
			isa = PBXContainerItemProxy;
			containerPortal = CB39067B1C70CEC800F2C74A /* Project object */;
			proxyType = 1;
			remoteGlobalIDString = CB3906821C70CEC800F2C74A;
			remoteInfo = Test;
		};
		CB3906A31C70CEC900F2C74A /* PBXContainerItemProxy */ = {
			isa = PBXContainerItemProxy;
			containerPortal = CB39067B1C70CEC800F2C74A /* Project object */;
			proxyType = 1;
			remoteGlobalIDString = CB3906821C70CEC800F2C74A;
			remoteInfo = Test;
		};
/* End PBXContainerItemProxy section */

/* Begin PBXFileReference section */
		CB3906831C70CEC800F2C74A /* Test.app */ = {isa = PBXFileReference; explicitFileType = wrapper.application; includeInIndex = 0; path = Test.app; sourceTree = BUILT_PRODUCTS_DIR; };
		CB3906861C70CEC800F2C74A /* AppDelegate.swift */ = {isa = PBXFileReference; lastKnownFileType = sourcecode.swift; path = AppDelegate.swift; sourceTree = "<group>"; };
		CB3906881C70CEC800F2C74A /* ViewController.swift */ = {isa = PBXFileReference; lastKnownFileType = sourcecode.swift; path = ViewController.swift; sourceTree = "<group>"; };
		CB39068B1C70CEC800F2C74A /* Base */ = {isa = PBXFileReference; lastKnownFileType = file.storyboard; name = Base; path = Base.lproj/Main.storyboard; sourceTree = "<group>"; };
		CB39068D1C70CEC800F2C74A /* Assets.xcassets */ = {isa = PBXFileReference; lastKnownFileType = folder.assetcatalog; path = Assets.xcassets; sourceTree = "<group>"; };
		CB3906901C70CEC800F2C74A /* Base */ = {isa = PBXFileReference; lastKnownFileType = file.storyboard; name = Base; path = Base.lproj/LaunchScreen.storyboard; sourceTree = "<group>"; };
		CB3906921C70CEC900F2C74A /* Info.plist */ = {isa = PBXFileReference; lastKnownFileType = text.plist.xml; path = Info.plist; sourceTree = "<group>"; };
		CB3906971C70CEC900F2C74A /* TestTests.xctest */ = {isa = PBXFileReference; explicitFileType = wrapper.cfbundle; includeInIndex = 0; path = TestTests.xctest; sourceTree = BUILT_PRODUCTS_DIR; };
		CB39069B1C70CEC900F2C74A /* TestTests.swift */ = {isa = PBXFileReference; lastKnownFileType = sourcecode.swift; path = TestTests.swift; sourceTree = "<group>"; };
		CB39069D1C70CEC900F2C74A /* Info.plist */ = {isa = PBXFileReference; lastKnownFileType = text.plist.xml; path = Info.plist; sourceTree = "<group>"; };
		CB3906A21C70CEC900F2C74A /* TestUITests.xctest */ = {isa = PBXFileReference; explicitFileType = wrapper.cfbundle; includeInIndex = 0; path = TestUITests.xctest; sourceTree = BUILT_PRODUCTS_DIR; };
		CB3906A61C70CEC900F2C74A /* TestUITests.swift */ = {isa = PBXFileReference; lastKnownFileType = sourcecode.swift; path = TestUITests.swift; sourceTree = "<group>"; };
		CB3906A81C70CEC900F2C74A /* Info.plist */ = {isa = PBXFileReference; lastKnownFileType = text.plist.xml; path = Info.plist; sourceTree = "<group>"; };
/* End PBXFileReference section */

/* Begin PBXFrameworksBuildPhase section */
		CB3906801C70CEC800F2C74A /* Frameworks */ = {
			isa = PBXFrameworksBuildPhase;
			buildActionMask = 2147483647;
			files = (
			);
			runOnlyForDeploymentPostprocessing = 0;
		};
		CB3906941C70CEC900F2C74A /* Frameworks */ = {
			isa = PBXFrameworksBuildPhase;
			buildActionMask = 2147483647;
			files = (
			);
			runOnlyForDeploymentPostprocessing = 0;
		};
		CB39069F1C70CEC900F2C74A /* Frameworks */ = {
			isa = PBXFrameworksBuildPhase;
			buildActionMask = 2147483647;
			files = (
			);
			runOnlyForDeploymentPostprocessing = 0;
		};
/* End PBXFrameworksBuildPhase section */

/* Begin PBXGroup section */
		CB39067A1C70CEC800F2C74A = {
			isa = PBXGroup;
			children = (
				CB3906851C70CEC800F2C74A /* Test */,
				CB39069A1C70CEC900F2C74A /* TestTests */,
				CB3906A51C70CEC900F2C74A /* TestUITests */,
				CB3906841C70CEC800F2C74A /* Products */,
			);
			sourceTree = "<group>";
		};
		CB3906841C70CEC800F2C74A /* Products */ = {
			isa = PBXGroup;
			children = (
				CB3906831C70CEC800F2C74A /* Test.app */,
				CB3906971C70CEC900F2C74A /* TestTests.xctest */,
				CB3906A21C70CEC900F2C74A /* TestUITests.xctest */,
			);
			name = Products;
			sourceTree = "<group>";
		};
		CB3906851C70CEC800F2C74A /* Test */ = {
			isa = PBXGroup;
			children = (
				CB3906861C70CEC800F2C74A /* AppDelegate.swift */,
				CB3906881C70CEC800F2C74A /* ViewController.swift */,
				CB39068A1C70CEC800F2C74A /* Main.storyboard */,
				CB39068D1C70CEC800F2C74A /* Assets.xcassets */,
				CB39068F1C70CEC800F2C74A /* LaunchScreen.storyboard */,
				CB3906921C70CEC900F2C74A /* Info.plist */,
			);
			path = Test;
			sourceTree = "<group>";
		};
		CB39069A1C70CEC900F2C74A /* TestTests */ = {
			isa = PBXGroup;
			children = (
				CB39069B1C70CEC900F2C74A /* TestTests.swift */,
				CB39069D1C70CEC900F2C74A /* Info.plist */,
			);
			path = TestTests;
			sourceTree = "<group>";
		};
		CB3906A51C70CEC900F2C74A /* TestUITests */ = {
			isa = PBXGroup;
			children = (
				CB3906A61C70CEC900F2C74A /* TestUITests.swift */,
				CB3906A81C70CEC900F2C74A /* Info.plist */,
			);
			path = TestUITests;
			sourceTree = "<group>";
		};
/* End PBXGroup section */

/* Begin PBXNativeTarget section */
		CB3906821C70CEC800F2C74A /* Test */ = {
			isa = PBXNativeTarget;
			buildConfigurationList = CB3906AB1C70CEC900F2C74A /* Build configuration list for PBXNativeTarget "Test" */;
			buildPhases = (
				CB39067F1C70CEC800F2C74A /* Sources */,
				CB3906801C70CEC800F2C74A /* Frameworks */,
				CB3906811C70CEC800F2C74A /* Resources */,
			);
			buildRules = (
			);
			dependencies = (
			);
			name = Test;
			productName = Test;
			productReference = CB3906831C70CEC800F2C74A /* Test.app */;
			productType = "com.apple.product-type.application";
		};
		CB3906961C70CEC900F2C74A /* TestTests */ = {
			isa = PBXNativeTarget;
			buildConfigurationList = CB3906AE1C70CEC900F2C74A /* Build configuration list for PBXNativeTarget "TestTests" */;
			buildPhases = (
				CB3906931C70CEC900F2C74A /* Sources */,
				CB3906941C70CEC900F2C74A /* Frameworks */,
				CB3906951C70CEC900F2C74A /* Resources */,
			);
			buildRules = (
			);
			dependencies = (
				CB3906991C70CEC900F2C74A /* PBXTargetDependency */,
			);
			name = TestTests;
			productName = TestTests;
			productReference = CB3906971C70CEC900F2C74A /* TestTests.xctest */;
			productType = "com.apple.product-type.bundle.unit-test";
		};
		CB3906A11C70CEC900F2C74A /* TestUITests */ = {
			isa = PBXNativeTarget;
			buildConfigurationList = CB3906B11C70CEC900F2C74A /* Build configuration list for PBXNativeTarget "TestUITests" */;
			buildPhases = (
				CB39069E1C70CEC900F2C74A /* Sources */,
				CB39069F1C70CEC900F2C74A /* Frameworks */,
				CB3906A01C70CEC900F2C74A /* Resources */,
			);
			buildRules = (
			);
			dependencies = (
				CB3906A41C70CEC900F2C74A /* PBXTargetDependency */,
			);
			name = TestUITests;
			productName = TestUITests;
			productReference = CB3906A21C70CEC900F2C74A /* TestUITests.xctest */;
			productType = "com.apple.product-type.bundle.ui-testing";
		};
/* End PBXNativeTarget section */

/* Begin PBXProject section */
		CB39067B1C70CEC800F2C74A /* Project object */ = {
			isa = PBXProject;
			attributes = {
				LastSwiftUpdateCheck = 0720;
				LastUpgradeCheck = 0720;
				ORGANIZATIONNAME = "杨晓冬";
				TargetAttributes = {
					CB3906821C70CEC800F2C74A = {
						CreatedOnToolsVersion = 7.2;
						DevelopmentTeam = 8C4E67LN8W;
					};
					CB3906961C70CEC900F2C74A = {
						CreatedOnToolsVersion = 7.2;
						DevelopmentTeam = 8C4E67LN8W;
						TestTargetID = CB3906821C70CEC800F2C74A;
					};
					CB3906A11C70CEC900F2C74A = {
						CreatedOnToolsVersion = 7.2;
						DevelopmentTeam = 8C4E67LN8W;
						TestTargetID = CB3906821C70CEC800F2C74A;
					};
				};
			};
			buildConfigurationList = CB39067E1C70CEC800F2C74A /* Build configuration list for PBXProject "Test" */;
			compatibilityVersion = "Xcode 3.2";
			developmentRegion = English;
			hasScannedForEncodings = 0;
			knownRegions = (
				en,
				Base,
			);
			mainGroup = CB39067A1C70CEC800F2C74A;
			productRefGroup = CB3906841C70CEC800F2C74A /* Products */;
			projectDirPath = "";
			projectRoot = "";
			targets = (
				CB3906821C70CEC800F2C74A /* Test */,
				CB3906961C70CEC900F2C74A /* TestTests */,
				CB3906A11C70CEC900F2C74A /* TestUITests */,
			);
		};
/* End PBXProject section */

/* Begin PBXResourcesBuildPhase section */
		CB3906811C70CEC800F2C74A /* Resources */ = {
			isa = PBXResourcesBuildPhase;
			buildActionMask = 2147483647;
			files = (
				CB3906911C70CEC800F2C74A /* LaunchScreen.storyboard in Resources */,
				CB39068E1C70CEC800F2C74A /* Assets.xcassets in Resources */,
				CB39068C1C70CEC800F2C74A /* Main.storyboard in Resources */,
			);
			runOnlyForDeploymentPostprocessing = 0;
		};
		CB3906951C70CEC900F2C74A /* Resources */ = {
			isa = PBXResourcesBuildPhase;
			buildActionMask = 2147483647;
			files = (
			);
			runOnlyForDeploymentPostprocessing = 0;
		};
		CB3906A01C70CEC900F2C74A /* Resources */ = {
			isa = PBXResourcesBuildPhase;
			buildActionMask = 2147483647;
			files = (
			);
			runOnlyForDeploymentPostprocessing = 0;
		};
/* End PBXResourcesBuildPhase section */

/* Begin PBXSourcesBuildPhase section */
		CB39067F1C70CEC800F2C74A /* Sources */ = {
			isa = PBXSourcesBuildPhase;
			buildActionMask = 2147483647;
			files = (
				CB3906891C70CEC800F2C74A /* ViewController.swift in Sources */,
				CB3906871C70CEC800F2C74A /* AppDelegate.swift in Sources */,
			);
			runOnlyForDeploymentPostprocessing = 0;
		};
		CB3906931C70CEC900F2C74A /* Sources */ = {
			isa = PBXSourcesBuildPhase;
			buildActionMask = 2147483647;
			files = (
				CB39069C1C70CEC900F2C74A /* TestTests.swift in Sources */,
			);
			runOnlyForDeploymentPostprocessing = 0;
		};
		CB39069E1C70CEC900F2C74A /* Sources */ = {
			isa = PBXSourcesBuildPhase;
			buildActionMask = 2147483647;
			files = (
				CB3906A71C70CEC900F2C74A /* TestUITests.swift in Sources */,
			);
			runOnlyForDeploymentPostprocessing = 0;
		};
/* End PBXSourcesBuildPhase section */

/* Begin PBXTargetDependency section */
		CB3906991C70CEC900F2C74A /* PBXTargetDependency */ = {
			isa = PBXTargetDependency;
			target = CB3906821C70CEC800F2C74A /* Test */;
			targetProxy = CB3906981C70CEC900F2C74A /* PBXContainerItemProxy */;
		};
		CB3906A41C70CEC900F2C74A /* PBXTargetDependency */ = {
			isa = PBXTargetDependency;
			target = CB3906821C70CEC800F2C74A /* Test */;
			targetProxy = CB3906A31C70CEC900F2C74A /* PBXContainerItemProxy */;
		};
/* End PBXTargetDependency section */

/* Begin PBXVariantGroup section */
		CB39068A1C70CEC800F2C74A /* Main.storyboard */ = {
			isa = PBXVariantGroup;
			children = (
				CB39068B1C70CEC800F2C74A /* Base */,
			);
			name = Main.storyboard;
			sourceTree = "<group>";
		};
		CB39068F1C70CEC800F2C74A /* LaunchScreen.storyboard */ = {
			isa = PBXVariantGroup;
			children = (
				CB3906901C70CEC800F2C74A /* Base */,
			);
			name = LaunchScreen.storyboard;
			sourceTree = "<group>";
		};
/* End PBXVariantGroup section */

/* Begin XCBuildConfiguration section */
		CB3906A91C70CEC900F2C74A /* Debug */ = {
			isa = XCBuildConfiguration;
			buildSettings = {
				ALWAYS_SEARCH_USER_PATHS = NO;
				CLANG_CXX_LANGUAGE_STANDARD = "gnu++0x";
				CLANG_CXX_LIBRARY = "libc++";
				CLANG_ENABLE_MODULES = YES;
				CLANG_ENABLE_OBJC_ARC = YES;
				CLANG_WARN_BOOL_CONVERSION = YES;
				CLANG_WARN_CONSTANT_CONVERSION = YES;
				CLANG_WARN_DIRECT_OBJC_ISA_USAGE = YES_ERROR;
				CLANG_WARN_EMPTY_BODY = YES;
				CLANG_WARN_ENUM_CONVERSION = YES;
				CLANG_WARN_INT_CONVERSION = YES;
				CLANG_WARN_OBJC_ROOT_CLASS = YES_ERROR;
				CLANG_WARN_UNREACHABLE_CODE = YES;
				CLANG_WARN__DUPLICATE_METHOD_MATCH = YES;
				"CODE_SIGN_IDENTITY[sdk=iphoneos*]" = "iPhone Developer";
				COPY_PHASE_STRIP = NO;
				DEBUG_INFORMATION_FORMAT = dwarf;
				ENABLE_STRICT_OBJC_MSGSEND = YES;
				ENABLE_TESTABILITY = YES;
				GCC_C_LANGUAGE_STANDARD = gnu99;
				GCC_DYNAMIC_NO_PIC = NO;
				GCC_NO_COMMON_BLOCKS = YES;
				GCC_OPTIMIZATION_LEVEL = 0;
				GCC_PREPROCESSOR_DEFINITIONS = (
					"DEBUG=1",
					"$(inherited)",
				);
				GCC_WARN_64_TO_32_BIT_CONVERSION = YES;
				GCC_WARN_ABOUT_RETURN_TYPE = YES_ERROR;
				GCC_WARN_UNDECLARED_SELECTOR = YES;
				GCC_WARN_UNINITIALIZED_AUTOS = YES_AGGRESSIVE;
				GCC_WARN_UNUSED_FUNCTION = YES;
				GCC_WARN_UNUSED_VARIABLE = YES;
				IPHONEOS_DEPLOYMENT_TARGET = 9.2;
				MTL_ENABLE_DEBUG_INFO = YES;
				ONLY_ACTIVE_ARCH = YES;
				SDKROOT = iphoneos;
				SWIFT_OPTIMIZATION_LEVEL = "-Onone";
				TARGETED_DEVICE_FAMILY = "1,2";
			};
			name = Debug;
		};
		CB3906AA1C70CEC900F2C74A /* Release */ = {
			isa = XCBuildConfiguration;
			buildSettings = {
				ALWAYS_SEARCH_USER_PATHS = NO;
				CLANG_CXX_LANGUAGE_STANDARD = "gnu++0x";
				CLANG_CXX_LIBRARY = "libc++";
				CLANG_ENABLE_MODULES = YES;
				CLANG_ENABLE_OBJC_ARC = YES;
				CLANG_WARN_BOOL_CONVERSION = YES;
				CLANG_WARN_CONSTANT_CONVERSION = YES;
				CLANG_WARN_DIRECT_OBJC_ISA_USAGE = YES_ERROR;
				CLANG_WARN_EMPTY_BODY = YES;
				CLANG_WARN_ENUM_CONVERSION = YES;
				CLANG_WARN_INT_CONVERSION = YES;
				CLANG_WARN_OBJC_ROOT_CLASS = YES_ERROR;
				CLANG_WARN_UNREACHABLE_CODE = YES;
				CLANG_WARN__DUPLICATE_METHOD_MATCH = YES;
				"CODE_SIGN_IDENTITY[sdk=iphoneos*]" = "iPhone Developer";
				COPY_PHASE_STRIP = NO;
				DEBUG_INFORMATION_FORMAT = "dwarf-with-dsym";
				ENABLE_NS_ASSERTIONS = NO;
				ENABLE_STRICT_OBJC_MSGSEND = YES;
				GCC_C_LANGUAGE_STANDARD = gnu99;
				GCC_NO_COMMON_BLOCKS = YES;
				GCC_WARN_64_TO_32_BIT_CONVERSION = YES;
				GCC_WARN_ABOUT_RETURN_TYPE = YES_ERROR;
				GCC_WARN_UNDECLARED_SELECTOR = YES;
				GCC_WARN_UNINITIALIZED_AUTOS = YES_AGGRESSIVE;
				GCC_WARN_UNUSED_FUNCTION = YES;
				GCC_WARN_UNUSED_VARIABLE = YES;
				IPHONEOS_DEPLOYMENT_TARGET = 9.2;
				MTL_ENABLE_DEBUG_INFO = NO;
				SDKROOT = iphoneos;
				TARGETED_DEVICE_FAMILY = "1,2";
				VALIDATE_PRODUCT = YES;
			};
			name = Release;
		};
		CB3906AC1C70CEC900F2C74A /* Debug */ = {
			isa = XCBuildConfiguration;
			buildSettings = {
				ASSETCATALOG_COMPILER_APPICON_NAME = AppIcon;
				INFOPLIST_FILE = Test/Info.plist;
				LD_RUNPATH_SEARCH_PATHS = "$(inherited) @executable_path/Frameworks";
				PRODUCT_BUNDLE_IDENTIFIER = com.yangxiaodong.Test;
				PRODUCT_NAME = "$(TARGET_NAME)";
			};
			name = Debug;
		};
		CB3906AD1C70CEC900F2C74A /* Release */ = {
			isa = XCBuildConfiguration;
			buildSettings = {
				ASSETCATALOG_COMPILER_APPICON_NAME = AppIcon;
				INFOPLIST_FILE = Test/Info.plist;
				LD_RUNPATH_SEARCH_PATHS = "$(inherited) @executable_path/Frameworks";
				PRODUCT_BUNDLE_IDENTIFIER = com.yangxiaodong.Test;
				PRODUCT_NAME = "$(TARGET_NAME)";
			};
			name = Release;
		};
		CB3906AF1C70CEC900F2C74A /* Debug */ = {
			isa = XCBuildConfiguration;
			buildSettings = {
				BUNDLE_LOADER = "$(TEST_HOST)";
				INFOPLIST_FILE = TestTests/Info.plist;
				LD_RUNPATH_SEARCH_PATHS = "$(inherited) @executable_path/Frameworks @loader_path/Frameworks";
				PRODUCT_BUNDLE_IDENTIFIER = com.yangxiaodong.TestTests;
				PRODUCT_NAME = "$(TARGET_NAME)";
				TEST_HOST = "$(BUILT_PRODUCTS_DIR)/Test.app/Test";
			};
			name = Debug;
		};
		CB3906B01C70CEC900F2C74A /* Release */ = {
			isa = XCBuildConfiguration;
			buildSettings = {
				BUNDLE_LOADER = "$(TEST_HOST)";
				INFOPLIST_FILE = TestTests/Info.plist;
				LD_RUNPATH_SEARCH_PATHS = "$(inherited) @executable_path/Frameworks @loader_path/Frameworks";
				PRODUCT_BUNDLE_IDENTIFIER = com.yangxiaodong.TestTests;
				PRODUCT_NAME = "$(TARGET_NAME)";
				TEST_HOST = "$(BUILT_PRODUCTS_DIR)/Test.app/Test";
			};
			name = Release;
		};
		CB3906B21C70CEC900F2C74A /* Debug */ = {
			isa = XCBuildConfiguration;
			buildSettings = {
				INFOPLIST_FILE = TestUITests/Info.plist;
				LD_RUNPATH_SEARCH_PATHS = "$(inherited) @executable_path/Frameworks @loader_path/Frameworks";
				PRODUCT_BUNDLE_IDENTIFIER = com.yangxiaodong.TestUITests;
				PRODUCT_NAME = "$(TARGET_NAME)";
				TEST_TARGET_NAME = Test;
				USES_XCTRUNNER = YES;
			};
			name = Debug;
		};
		CB3906B31C70CEC900F2C74A /* Release */ = {
			isa = XCBuildConfiguration;
			buildSettings = {
				INFOPLIST_FILE = TestUITests/Info.plist;
				LD_RUNPATH_SEARCH_PATHS = "$(inherited) @executable_path/Frameworks @loader_path/Frameworks";
				PRODUCT_BUNDLE_IDENTIFIER = com.yangxiaodong.TestUITests;
				PRODUCT_NAME = "$(TARGET_NAME)";
				TEST_TARGET_NAME = Test;
				USES_XCTRUNNER = YES;
			};
			name = Release;
		};
/* End XCBuildConfiguration section */

/* Begin XCConfigurationList section */
		CB39067E1C70CEC800F2C74A /* Build configuration list for PBXProject "Test" */ = {
			isa = XCConfigurationList;
			buildConfigurations = (
				CB3906A91C70CEC900F2C74A /* Debug */,
				CB3906AA1C70CEC900F2C74A /* Release */,
			);
			defaultConfigurationIsVisible = 0;
			defaultConfigurationName = Release;
		};
		CB3906AB1C70CEC900F2C74A /* Build configuration list for PBXNativeTarget "Test" */ = {
			isa = XCConfigurationList;
			buildConfigurations = (
				CB3906AC1C70CEC900F2C74A /* Debug */,
				CB3906AD1C70CEC900F2C74A /* Release */,
			);
			defaultConfigurationIsVisible = 0;
		};
		CB3906AE1C70CEC900F2C74A /* Build configuration list for PBXNativeTarget "TestTests" */ = {
			isa = XCConfigurationList;
			buildConfigurations = (
				CB3906AF1C70CEC900F2C74A /* Debug */,
				CB3906B01C70CEC900F2C74A /* Release */,
			);
			defaultConfigurationIsVisible = 0;
		};
		CB3906B11C70CEC900F2C74A /* Build configuration list for PBXNativeTarget "TestUITests" */ = {
			isa = XCConfigurationList;
			buildConfigurations = (
				CB3906B21C70CEC900F2C74A /* Debug */,
				CB3906B31C70CEC900F2C74A /* Release */,
			);
			defaultConfigurationIsVisible = 0;
		};
/* End XCConfigurationList section */
	};
	rootObject = CB39067B1C70CEC800F2C74A /* Project object */;
}
