// !$*UTF8*$!
{
	archiveVersion = 1;
	classes = {
	};
	objectVersion = 46;
	objects = {

/* Begin PBXBuildFile section */
		CB6133871C6CBE4600A19E3F /* AppDelegate.swift in Sources */ = {isa = PBXBuildFile; fileRef = CB6133861C6CBE4600A19E3F /* AppDelegate.swift */; };
		CB61338C1C6CBE4600A19E3F /* Main.storyboard in Resources */ = {isa = PBXBuildFile; fileRef = CB61338A1C6CBE4600A19E3F /* Main.storyboard */; };
		CB61338E1C6CBE4600A19E3F /* Assets.xcassets in Resources */ = {isa = PBXBuildFile; fileRef = CB61338D1C6CBE4600A19E3F /* Assets.xcassets */; };
		CB6133911C6CBE4600A19E3F /* LaunchScreen.storyboard in Resources */ = {isa = PBXBuildFile; fileRef = CB61338F1C6CBE4600A19E3F /* LaunchScreen.storyboard */; };
		CB61339C1C6CBE4600A19E3F /* HappinessTests.swift in Sources */ = {isa = PBXBuildFile; fileRef = CB61339B1C6CBE4600A19E3F /* HappinessTests.swift */; };
		CB6133A71C6CBE4600A19E3F /* HappinessUITests.swift in Sources */ = {isa = PBXBuildFile; fileRef = CB6133A61C6CBE4600A19E3F /* HappinessUITests.swift */; };
		CB6133B51C6CBF3700A19E3F /* HappinessViewController.swift in Sources */ = {isa = PBXBuildFile; fileRef = CB6133B41C6CBF3700A19E3F /* HappinessViewController.swift */; };
		CB999C5F1C70226600005AE4 /* FaceView.swift in Sources */ = {isa = PBXBuildFile; fileRef = CB999C5E1C70226600005AE4 /* FaceView.swift */; };
/* End PBXBuildFile section */

/* Begin PBXContainerItemProxy section */
		CB6133981C6CBE4600A19E3F /* PBXContainerItemProxy */ = {
			isa = PBXContainerItemProxy;
			containerPortal = CB61337B1C6CBE4600A19E3F /* Project object */;
			proxyType = 1;
			remoteGlobalIDString = CB6133821C6CBE4600A19E3F;
			remoteInfo = Happiness;
		};
		CB6133A31C6CBE4600A19E3F /* PBXContainerItemProxy */ = {
			isa = PBXContainerItemProxy;
			containerPortal = CB61337B1C6CBE4600A19E3F /* Project object */;
			proxyType = 1;
			remoteGlobalIDString = CB6133821C6CBE4600A19E3F;
			remoteInfo = Happiness;
		};
/* End PBXContainerItemProxy section */

/* Begin PBXFileReference section */
		CB6133831C6CBE4600A19E3F /* Happiness.app */ = {isa = PBXFileReference; explicitFileType = wrapper.application; includeInIndex = 0; path = Happiness.app; sourceTree = BUILT_PRODUCTS_DIR; };
		CB6133861C6CBE4600A19E3F /* AppDelegate.swift */ = {isa = PBXFileReference; lastKnownFileType = sourcecode.swift; path = AppDelegate.swift; sourceTree = "<group>"; };
		CB61338B1C6CBE4600A19E3F /* Base */ = {isa = PBXFileReference; lastKnownFileType = file.storyboard; name = Base; path = Base.lproj/Main.storyboard; sourceTree = "<group>"; };
		CB61338D1C6CBE4600A19E3F /* Assets.xcassets */ = {isa = PBXFileReference; lastKnownFileType = folder.assetcatalog; path = Assets.xcassets; sourceTree = "<group>"; };
		CB6133901C6CBE4600A19E3F /* Base */ = {isa = PBXFileReference; lastKnownFileType = file.storyboard; name = Base; path = Base.lproj/LaunchScreen.storyboard; sourceTree = "<group>"; };
		CB6133921C6CBE4600A19E3F /* Info.plist */ = {isa = PBXFileReference; lastKnownFileType = text.plist.xml; path = Info.plist; sourceTree = "<group>"; };
		CB6133971C6CBE4600A19E3F /* HappinessTests.xctest */ = {isa = PBXFileReference; explicitFileType = wrapper.cfbundle; includeInIndex = 0; path = HappinessTests.xctest; sourceTree = BUILT_PRODUCTS_DIR; };
		CB61339B1C6CBE4600A19E3F /* HappinessTests.swift */ = {isa = PBXFileReference; lastKnownFileType = sourcecode.swift; path = HappinessTests.swift; sourceTree = "<group>"; };
		CB61339D1C6CBE4600A19E3F /* Info.plist */ = {isa = PBXFileReference; lastKnownFileType = text.plist.xml; path = Info.plist; sourceTree = "<group>"; };
		CB6133A21C6CBE4600A19E3F /* HappinessUITests.xctest */ = {isa = PBXFileReference; explicitFileType = wrapper.cfbundle; includeInIndex = 0; path = HappinessUITests.xctest; sourceTree = BUILT_PRODUCTS_DIR; };
		CB6133A61C6CBE4600A19E3F /* HappinessUITests.swift */ = {isa = PBXFileReference; lastKnownFileType = sourcecode.swift; path = HappinessUITests.swift; sourceTree = "<group>"; };
		CB6133A81C6CBE4600A19E3F /* Info.plist */ = {isa = PBXFileReference; lastKnownFileType = text.plist.xml; path = Info.plist; sourceTree = "<group>"; };
		CB6133B41C6CBF3700A19E3F /* HappinessViewController.swift */ = {isa = PBXFileReference; fileEncoding = 4; lastKnownFileType = sourcecode.swift; path = HappinessViewController.swift; sourceTree = "<group>"; };
		CB999C5E1C70226600005AE4 /* FaceView.swift */ = {isa = PBXFileReference; fileEncoding = 4; lastKnownFileType = sourcecode.swift; path = FaceView.swift; sourceTree = "<group>"; };
/* End PBXFileReference section */

/* Begin PBXFrameworksBuildPhase section */
		CB6133801C6CBE4600A19E3F /* Frameworks */ = {
			isa = PBXFrameworksBuildPhase;
			buildActionMask = 2147483647;
			files = (
			);
			runOnlyForDeploymentPostprocessing = 0;
		};
		CB6133941C6CBE4600A19E3F /* Frameworks */ = {
			isa = PBXFrameworksBuildPhase;
			buildActionMask = 2147483647;
			files = (
			);
			runOnlyForDeploymentPostprocessing = 0;
		};
		CB61339F1C6CBE4600A19E3F /* Frameworks */ = {
			isa = PBXFrameworksBuildPhase;
			buildActionMask = 2147483647;
			files = (
			);
			runOnlyForDeploymentPostprocessing = 0;
		};
/* End PBXFrameworksBuildPhase section */

/* Begin PBXGroup section */
		CB61337A1C6CBE4600A19E3F = {
			isa = PBXGroup;
			children = (
				CB6133851C6CBE4600A19E3F /* Happiness */,
				CB61339A1C6CBE4600A19E3F /* HappinessTests */,
				CB6133A51C6CBE4600A19E3F /* HappinessUITests */,
				CB6133841C6CBE4600A19E3F /* Products */,
			);
			sourceTree = "<group>";
		};
		CB6133841C6CBE4600A19E3F /* Products */ = {
			isa = PBXGroup;
			children = (
				CB6133831C6CBE4600A19E3F /* Happiness.app */,
				CB6133971C6CBE4600A19E3F /* HappinessTests.xctest */,
				CB6133A21C6CBE4600A19E3F /* HappinessUITests.xctest */,
			);
			name = Products;
			sourceTree = "<group>";
		};
		CB6133851C6CBE4600A19E3F /* Happiness */ = {
			isa = PBXGroup;
			children = (
				CB6133861C6CBE4600A19E3F /* AppDelegate.swift */,
				CB61338A1C6CBE4600A19E3F /* Main.storyboard */,
				CB999C5E1C70226600005AE4 /* FaceView.swift */,
				CB61338D1C6CBE4600A19E3F /* Assets.xcassets */,
				CB61338F1C6CBE4600A19E3F /* LaunchScreen.storyboard */,
				CB6133921C6CBE4600A19E3F /* Info.plist */,
				CB6133B41C6CBF3700A19E3F /* HappinessViewController.swift */,
			);
			path = Happiness;
			sourceTree = "<group>";
		};
		CB61339A1C6CBE4600A19E3F /* HappinessTests */ = {
			isa = PBXGroup;
			children = (
				CB61339B1C6CBE4600A19E3F /* HappinessTests.swift */,
				CB61339D1C6CBE4600A19E3F /* Info.plist */,
			);
			path = HappinessTests;
			sourceTree = "<group>";
		};
		CB6133A51C6CBE4600A19E3F /* HappinessUITests */ = {
			isa = PBXGroup;
			children = (
				CB6133A61C6CBE4600A19E3F /* HappinessUITests.swift */,
				CB6133A81C6CBE4600A19E3F /* Info.plist */,
			);
			path = HappinessUITests;
			sourceTree = "<group>";
		};
/* End PBXGroup section */

/* Begin PBXNativeTarget section */
		CB6133821C6CBE4600A19E3F /* Happiness */ = {
			isa = PBXNativeTarget;
			buildConfigurationList = CB6133AB1C6CBE4600A19E3F /* Build configuration list for PBXNativeTarget "Happiness" */;
			buildPhases = (
				CB61337F1C6CBE4600A19E3F /* Sources */,
				CB6133801C6CBE4600A19E3F /* Frameworks */,
				CB6133811C6CBE4600A19E3F /* Resources */,
			);
			buildRules = (
			);
			dependencies = (
			);
			name = Happiness;
			productName = Happiness;
			productReference = CB6133831C6CBE4600A19E3F /* Happiness.app */;
			productType = "com.apple.product-type.application";
		};
		CB6133961C6CBE4600A19E3F /* HappinessTests */ = {
			isa = PBXNativeTarget;
			buildConfigurationList = CB6133AE1C6CBE4600A19E3F /* Build configuration list for PBXNativeTarget "HappinessTests" */;
			buildPhases = (
				CB6133931C6CBE4600A19E3F /* Sources */,
				CB6133941C6CBE4600A19E3F /* Frameworks */,
				CB6133951C6CBE4600A19E3F /* Resources */,
			);
			buildRules = (
			);
			dependencies = (
				CB6133991C6CBE4600A19E3F /* PBXTargetDependency */,
			);
			name = HappinessTests;
			productName = HappinessTests;
			productReference = CB6133971C6CBE4600A19E3F /* HappinessTests.xctest */;
			productType = "com.apple.product-type.bundle.unit-test";
		};
		CB6133A11C6CBE4600A19E3F /* HappinessUITests */ = {
			isa = PBXNativeTarget;
			buildConfigurationList = CB6133B11C6CBE4600A19E3F /* Build configuration list for PBXNativeTarget "HappinessUITests" */;
			buildPhases = (
				CB61339E1C6CBE4600A19E3F /* Sources */,
				CB61339F1C6CBE4600A19E3F /* Frameworks */,
				CB6133A01C6CBE4600A19E3F /* Resources */,
			);
			buildRules = (
			);
			dependencies = (
				CB6133A41C6CBE4600A19E3F /* PBXTargetDependency */,
			);
			name = HappinessUITests;
			productName = HappinessUITests;
			productReference = CB6133A21C6CBE4600A19E3F /* HappinessUITests.xctest */;
			productType = "com.apple.product-type.bundle.ui-testing";
		};
/* End PBXNativeTarget section */

/* Begin PBXProject section */
		CB61337B1C6CBE4600A19E3F /* Project object */ = {
			isa = PBXProject;
			attributes = {
				LastSwiftUpdateCheck = 0720;
				LastUpgradeCheck = 0720;
				ORGANIZATIONNAME = "杨晓冬";
				TargetAttributes = {
					CB6133821C6CBE4600A19E3F = {
						CreatedOnToolsVersion = 7.2;
						DevelopmentTeam = 8C4E67LN8W;
					};
					CB6133961C6CBE4600A19E3F = {
						CreatedOnToolsVersion = 7.2;
						DevelopmentTeam = 8C4E67LN8W;
						TestTargetID = CB6133821C6CBE4600A19E3F;
					};
					CB6133A11C6CBE4600A19E3F = {
						CreatedOnToolsVersion = 7.2;
						DevelopmentTeam = 8C4E67LN8W;
						TestTargetID = CB6133821C6CBE4600A19E3F;
					};
				};
			};
			buildConfigurationList = CB61337E1C6CBE4600A19E3F /* Build configuration list for PBXProject "Happiness" */;
			compatibilityVersion = "Xcode 3.2";
			developmentRegion = English;
			hasScannedForEncodings = 0;
			knownRegions = (
				en,
				Base,
			);
			mainGroup = CB61337A1C6CBE4600A19E3F;
			productRefGroup = CB6133841C6CBE4600A19E3F /* Products */;
			projectDirPath = "";
			projectRoot = "";
			targets = (
				CB6133821C6CBE4600A19E3F /* Happiness */,
				CB6133961C6CBE4600A19E3F /* HappinessTests */,
				CB6133A11C6CBE4600A19E3F /* HappinessUITests */,
			);
		};
/* End PBXProject section */

/* Begin PBXResourcesBuildPhase section */
		CB6133811C6CBE4600A19E3F /* Resources */ = {
			isa = PBXResourcesBuildPhase;
			buildActionMask = 2147483647;
			files = (
				CB6133911C6CBE4600A19E3F /* LaunchScreen.storyboard in Resources */,
				CB61338E1C6CBE4600A19E3F /* Assets.xcassets in Resources */,
				CB61338C1C6CBE4600A19E3F /* Main.storyboard in Resources */,
			);
			runOnlyForDeploymentPostprocessing = 0;
		};
		CB6133951C6CBE4600A19E3F /* Resources */ = {
			isa = PBXResourcesBuildPhase;
			buildActionMask = 2147483647;
			files = (
			);
			runOnlyForDeploymentPostprocessing = 0;
		};
		CB6133A01C6CBE4600A19E3F /* Resources */ = {
			isa = PBXResourcesBuildPhase;
			buildActionMask = 2147483647;
			files = (
			);
			runOnlyForDeploymentPostprocessing = 0;
		};
/* End PBXResourcesBuildPhase section */

/* Begin PBXSourcesBuildPhase section */
		CB61337F1C6CBE4600A19E3F /* Sources */ = {
			isa = PBXSourcesBuildPhase;
			buildActionMask = 2147483647;
			files = (
				CB6133B51C6CBF3700A19E3F /* HappinessViewController.swift in Sources */,
				CB6133871C6CBE4600A19E3F /* AppDelegate.swift in Sources */,
				CB999C5F1C70226600005AE4 /* FaceView.swift in Sources */,
			);
			runOnlyForDeploymentPostprocessing = 0;
		};
		CB6133931C6CBE4600A19E3F /* Sources */ = {
			isa = PBXSourcesBuildPhase;
			buildActionMask = 2147483647;
			files = (
				CB61339C1C6CBE4600A19E3F /* HappinessTests.swift in Sources */,
			);
			runOnlyForDeploymentPostprocessing = 0;
		};
		CB61339E1C6CBE4600A19E3F /* Sources */ = {
			isa = PBXSourcesBuildPhase;
			buildActionMask = 2147483647;
			files = (
				CB6133A71C6CBE4600A19E3F /* HappinessUITests.swift in Sources */,
			);
			runOnlyForDeploymentPostprocessing = 0;
		};
/* End PBXSourcesBuildPhase section */

/* Begin PBXTargetDependency section */
		CB6133991C6CBE4600A19E3F /* PBXTargetDependency */ = {
			isa = PBXTargetDependency;
			target = CB6133821C6CBE4600A19E3F /* Happiness */;
			targetProxy = CB6133981C6CBE4600A19E3F /* PBXContainerItemProxy */;
		};
		CB6133A41C6CBE4600A19E3F /* PBXTargetDependency */ = {
			isa = PBXTargetDependency;
			target = CB6133821C6CBE4600A19E3F /* Happiness */;
			targetProxy = CB6133A31C6CBE4600A19E3F /* PBXContainerItemProxy */;
		};
/* End PBXTargetDependency section */

/* Begin PBXVariantGroup section */
		CB61338A1C6CBE4600A19E3F /* Main.storyboard */ = {
			isa = PBXVariantGroup;
			children = (
				CB61338B1C6CBE4600A19E3F /* Base */,
			);
			name = Main.storyboard;
			sourceTree = "<group>";
		};
		CB61338F1C6CBE4600A19E3F /* LaunchScreen.storyboard */ = {
			isa = PBXVariantGroup;
			children = (
				CB6133901C6CBE4600A19E3F /* Base */,
			);
			name = LaunchScreen.storyboard;
			sourceTree = "<group>";
		};
/* End PBXVariantGroup section */

/* Begin XCBuildConfiguration section */
		CB6133A91C6CBE4600A19E3F /* Debug */ = {
			isa = XCBuildConfiguration;
			buildSettings = {
				ALWAYS_SEARCH_USER_PATHS = NO;
				CLANG_CXX_LANGUAGE_STANDARD = "gnu++0x";
				CLANG_CXX_LIBRARY = "libc++";
				CLANG_ENABLE_MODULES = YES;
				CLANG_ENABLE_OBJC_ARC = YES;
				CLANG_WARN_BOOL_CONVERSION = YES;
				CLANG_WARN_CONSTANT_CONVERSION = YES;
				CLANG_WARN_DIRECT_OBJC_ISA_USAGE = YES_ERROR;
				CLANG_WARN_EMPTY_BODY = YES;
				CLANG_WARN_ENUM_CONVERSION = YES;
				CLANG_WARN_INT_CONVERSION = YES;
				CLANG_WARN_OBJC_ROOT_CLASS = YES_ERROR;
				CLANG_WARN_UNREACHABLE_CODE = YES;
				CLANG_WARN__DUPLICATE_METHOD_MATCH = YES;
				"CODE_SIGN_IDENTITY[sdk=iphoneos*]" = "iPhone Developer";
				COPY_PHASE_STRIP = NO;
				DEBUG_INFORMATION_FORMAT = dwarf;
				ENABLE_STRICT_OBJC_MSGSEND = YES;
				ENABLE_TESTABILITY = YES;
				GCC_C_LANGUAGE_STANDARD = gnu99;
				GCC_DYNAMIC_NO_PIC = NO;
				GCC_NO_COMMON_BLOCKS = YES;
				GCC_OPTIMIZATION_LEVEL = 0;
				GCC_PREPROCESSOR_DEFINITIONS = (
					"DEBUG=1",
					"$(inherited)",
				);
				GCC_WARN_64_TO_32_BIT_CONVERSION = YES;
				GCC_WARN_ABOUT_RETURN_TYPE = YES_ERROR;
				GCC_WARN_UNDECLARED_SELECTOR = YES;
				GCC_WARN_UNINITIALIZED_AUTOS = YES_AGGRESSIVE;
				GCC_WARN_UNUSED_FUNCTION = YES;
				GCC_WARN_UNUSED_VARIABLE = YES;
				IPHONEOS_DEPLOYMENT_TARGET = 9.2;
				MTL_ENABLE_DEBUG_INFO = YES;
				ONLY_ACTIVE_ARCH = YES;
				SDKROOT = iphoneos;
				SWIFT_OPTIMIZATION_LEVEL = "-Onone";
				TARGETED_DEVICE_FAMILY = "1,2";
			};
			name = Debug;
		};
		CB6133AA1C6CBE4600A19E3F /* Release */ = {
			isa = XCBuildConfiguration;
			buildSettings = {
				ALWAYS_SEARCH_USER_PATHS = NO;
				CLANG_CXX_LANGUAGE_STANDARD = "gnu++0x";
				CLANG_CXX_LIBRARY = "libc++";
				CLANG_ENABLE_MODULES = YES;
				CLANG_ENABLE_OBJC_ARC = YES;
				CLANG_WARN_BOOL_CONVERSION = YES;
				CLANG_WARN_CONSTANT_CONVERSION = YES;
				CLANG_WARN_DIRECT_OBJC_ISA_USAGE = YES_ERROR;
				CLANG_WARN_EMPTY_BODY = YES;
				CLANG_WARN_ENUM_CONVERSION = YES;
				CLANG_WARN_INT_CONVERSION = YES;
				CLANG_WARN_OBJC_ROOT_CLASS = YES_ERROR;
				CLANG_WARN_UNREACHABLE_CODE = YES;
				CLANG_WARN__DUPLICATE_METHOD_MATCH = YES;
				"CODE_SIGN_IDENTITY[sdk=iphoneos*]" = "iPhone Developer";
				COPY_PHASE_STRIP = NO;
				DEBUG_INFORMATION_FORMAT = "dwarf-with-dsym";
				ENABLE_NS_ASSERTIONS = NO;
				ENABLE_STRICT_OBJC_MSGSEND = YES;
				GCC_C_LANGUAGE_STANDARD = gnu99;
				GCC_NO_COMMON_BLOCKS = YES;
				GCC_WARN_64_TO_32_BIT_CONVERSION = YES;
				GCC_WARN_ABOUT_RETURN_TYPE = YES_ERROR;
				GCC_WARN_UNDECLARED_SELECTOR = YES;
				GCC_WARN_UNINITIALIZED_AUTOS = YES_AGGRESSIVE;
				GCC_WARN_UNUSED_FUNCTION = YES;
				GCC_WARN_UNUSED_VARIABLE = YES;
				IPHONEOS_DEPLOYMENT_TARGET = 9.2;
				MTL_ENABLE_DEBUG_INFO = NO;
				SDKROOT = iphoneos;
				TARGETED_DEVICE_FAMILY = "1,2";
				VALIDATE_PRODUCT = YES;
			};
			name = Release;
		};
		CB6133AC1C6CBE4600A19E3F /* Debug */ = {
			isa = XCBuildConfiguration;
			buildSettings = {
				ASSETCATALOG_COMPILER_APPICON_NAME = AppIcon;
				INFOPLIST_FILE = Happiness/Info.plist;
				LD_RUNPATH_SEARCH_PATHS = "$(inherited) @executable_path/Frameworks";
				PRODUCT_BUNDLE_IDENTIFIER = com.yangxiaodong.Happiness;
				PRODUCT_NAME = "$(TARGET_NAME)";
			};
			name = Debug;
		};
		CB6133AD1C6CBE4600A19E3F /* Release */ = {
			isa = XCBuildConfiguration;
			buildSettings = {
				ASSETCATALOG_COMPILER_APPICON_NAME = AppIcon;
				INFOPLIST_FILE = Happiness/Info.plist;
				LD_RUNPATH_SEARCH_PATHS = "$(inherited) @executable_path/Frameworks";
				PRODUCT_BUNDLE_IDENTIFIER = com.yangxiaodong.Happiness;
				PRODUCT_NAME = "$(TARGET_NAME)";
			};
			name = Release;
		};
		CB6133AF1C6CBE4600A19E3F /* Debug */ = {
			isa = XCBuildConfiguration;
			buildSettings = {
				BUNDLE_LOADER = "$(TEST_HOST)";
				INFOPLIST_FILE = HappinessTests/Info.plist;
				LD_RUNPATH_SEARCH_PATHS = "$(inherited) @executable_path/Frameworks @loader_path/Frameworks";
				PRODUCT_BUNDLE_IDENTIFIER = com.yangxiaodong.HappinessTests;
				PRODUCT_NAME = "$(TARGET_NAME)";
				TEST_HOST = "$(BUILT_PRODUCTS_DIR)/Happiness.app/Happiness";
			};
			name = Debug;
		};
		CB6133B01C6CBE4600A19E3F /* Release */ = {
			isa = XCBuildConfiguration;
			buildSettings = {
				BUNDLE_LOADER = "$(TEST_HOST)";
				INFOPLIST_FILE = HappinessTests/Info.plist;
				LD_RUNPATH_SEARCH_PATHS = "$(inherited) @executable_path/Frameworks @loader_path/Frameworks";
				PRODUCT_BUNDLE_IDENTIFIER = com.yangxiaodong.HappinessTests;
				PRODUCT_NAME = "$(TARGET_NAME)";
				TEST_HOST = "$(BUILT_PRODUCTS_DIR)/Happiness.app/Happiness";
			};
			name = Release;
		};
		CB6133B21C6CBE4600A19E3F /* Debug */ = {
			isa = XCBuildConfiguration;
			buildSettings = {
				INFOPLIST_FILE = HappinessUITests/Info.plist;
				LD_RUNPATH_SEARCH_PATHS = "$(inherited) @executable_path/Frameworks @loader_path/Frameworks";
				PRODUCT_BUNDLE_IDENTIFIER = com.yangxiaodong.HappinessUITests;
				PRODUCT_NAME = "$(TARGET_NAME)";
				TEST_TARGET_NAME = Happiness;
				USES_XCTRUNNER = YES;
			};
			name = Debug;
		};
		CB6133B31C6CBE4600A19E3F /* Release */ = {
			isa = XCBuildConfiguration;
			buildSettings = {
				INFOPLIST_FILE = HappinessUITests/Info.plist;
				LD_RUNPATH_SEARCH_PATHS = "$(inherited) @executable_path/Frameworks @loader_path/Frameworks";
				PRODUCT_BUNDLE_IDENTIFIER = com.yangxiaodong.HappinessUITests;
				PRODUCT_NAME = "$(TARGET_NAME)";
				TEST_TARGET_NAME = Happiness;
				USES_XCTRUNNER = YES;
			};
			name = Release;
		};
/* End XCBuildConfiguration section */

/* Begin XCConfigurationList section */
		CB61337E1C6CBE4600A19E3F /* Build configuration list for PBXProject "Happiness" */ = {
			isa = XCConfigurationList;
			buildConfigurations = (
				CB6133A91C6CBE4600A19E3F /* Debug */,
				CB6133AA1C6CBE4600A19E3F /* Release */,
			);
			defaultConfigurationIsVisible = 0;
			defaultConfigurationName = Release;
		};
		CB6133AB1C6CBE4600A19E3F /* Build configuration list for PBXNativeTarget "Happiness" */ = {
			isa = XCConfigurationList;
			buildConfigurations = (
				CB6133AC1C6CBE4600A19E3F /* Debug */,
				CB6133AD1C6CBE4600A19E3F /* Release */,
			);
			defaultConfigurationIsVisible = 0;
			defaultConfigurationName = Release;
		};
		CB6133AE1C6CBE4600A19E3F /* Build configuration list for PBXNativeTarget "HappinessTests" */ = {
			isa = XCConfigurationList;
			buildConfigurations = (
				CB6133AF1C6CBE4600A19E3F /* Debug */,
				CB6133B01C6CBE4600A19E3F /* Release */,
			);
			defaultConfigurationIsVisible = 0;
			defaultConfigurationName = Release;
		};
		CB6133B11C6CBE4600A19E3F /* Build configuration list for PBXNativeTarget "HappinessUITests" */ = {
			isa = XCConfigurationList;
			buildConfigurations = (
				CB6133B21C6CBE4600A19E3F /* Debug */,
				CB6133B31C6CBE4600A19E3F /* Release */,
			);
			defaultConfigurationIsVisible = 0;
			defaultConfigurationName = Release;
		};
/* End XCConfigurationList section */
	};
	rootObject = CB61337B1C6CBE4600A19E3F /* Project object */;
}
